
Microsoft Visual Studio Solution File, Format Version 12.00
# Visual Studio Version 17
VisualStudioVersion = 17.1.32319.34
MinimumVisualStudioVersion = 10.0.40219.1
Project("{F184B08F-C81C-45F6-A57F-5ABD9991F28F}") = "baitapbaocaock", "baitapbaocaock\baitapbaocaock.vbproj", "{E8566CB3-EF3C-44DE-808E-BA62C02DCB0F}"
EndProject
Global
	GlobalSection(SolutionConfigurationPlatforms) = preSolution
		Debug|Any CPU = Debug|Any CPU
		Release|Any CPU = Release|Any CPU
	EndGlobalSection
	GlobalSection(ProjectConfigurationPlatforms) = postSolution
		{E8566CB3-EF3C-44DE-808E-BA62C02DCB0F}.Debug|Any CPU.ActiveCfg = Debug|Any CPU
		{E8566CB3-EF3C-44DE-808E-BA62C02DCB0F}.Debug|Any CPU.Build.0 = Debug|Any CPU
		{E8566CB3-EF3C-44DE-808E-BA62C02DCB0F}.Release|Any CPU.ActiveCfg = Release|Any CPU
		{E8566CB3-EF3C-44DE-808E-BA62C02DCB0F}.Release|Any CPU.Build.0 = Release|Any CPU
	EndGlobalSection
	GlobalSection(SolutionProperties) = preSolution
		HideSolutionNode = FALSE
	EndGlobalSection
	GlobalSection(ExtensibilityGlobals) = postSolution
		SolutionGuid = {F1389849-A278-4724-BC96-36AB3999CBD9}
	EndGlobalSection
EndGlobal
